# generated by `uv pip compile` (rye-compatible); regenerate with `rye lock` or uv

-e file:.
annotated-doc==0.0.5      # via typer
annotated-types==0.8.0    # via pydantic
anyio==4.15.1             # via httpx, litestar, watchfiles
async-timeout==5.0.1      # via redis
bcrypt==5.0.0             # via paramiko
brotli==1.2.0             # via litestar
certifi==2026.7.22        # via httpcore, httpx
cffi==2.1.1               # via cryptography, pynacl
click==8.5.0              # via litestar, rich-click, uvicorn
cryptography==50.0.2      # via paramiko
editorconfig==0.17.1      # via jsbeautifier
faker==40.41.0            # via polyfactory
h11==0.16.0               # via httpcore, uvicorn
httpcore==1.0.9           # via httpx
httptools==0.8.0          # via uvicorn
httpx==0.28.1             # via litestar, hyperglass (pyproject.toml)
idna==3.20                # via anyio, httpx
invoke==3.0.3             # via paramiko
jinja2==3.1.6             # via litestar
jsbeautifier==2.0.3       # via litestar
litestar==2.24.0          # via hyperglass (pyproject.toml)
litestar-htmx==0.5.0      # via litestar
loguru==0.7.3             # via hyperglass (pyproject.toml)
markdown-it-py==4.2.0     # via rich
markupsafe==3.0.4         # via jinja2
mdurl==0.1.2              # via markdown-it-py
msgspec==0.22.0           # via litestar
multidict==7.0.0          # via litestar
multipart==2.0.1          # via litestar
netmiko==4.8.0            # via hyperglass (pyproject.toml)
ntc-templates==9.3.0      # via netmiko
paramiko==5.0.0           # via netmiko, scp, hyperglass (pyproject.toml)
pillow==12.3.0            # via hyperglass (pyproject.toml)
polyfactory==3.3.0        # via litestar
psutil==7.2.2             # via hyperglass (pyproject.toml)
py-cpuinfo==9.0.0         # via hyperglass (pyproject.toml)
pycparser==3.0            # via cffi
pydantic==2.13.5          # via pydantic-extra-types, pydantic-settings, hyperglass (pyproject.toml)
pydantic-core==2.46.5     # via pydantic
pydantic-extra-types==2.11.1  # via hyperglass (pyproject.toml)
pydantic-settings==2.15.0  # via hyperglass (pyproject.toml)
pygments==2.21.0          # via rich
pynacl==1.6.2             # via paramiko
pyserial==3.5             # via netmiko
python-dotenv==1.2.4      # via pydantic-settings, uvicorn
pyyaml==6.0.3             # via litestar, netmiko, uvicorn, hyperglass (pyproject.toml)
redis==8.1.0              # via hyperglass (pyproject.toml)
resvg-py==0.5.0           # via hyperglass (pyproject.toml)
rich==15.0.0              # via litestar, netmiko, rich-click, typer, hyperglass (pyproject.toml)
rich-click==1.9.9         # via litestar
scp==0.16.2               # via netmiko
shellingham==1.5.4        # via typer
sniffio==1.3.1            # via litestar
textfsm==2.1.0            # via netmiko, ntc-templates
toml==0.10.2              # via hyperglass (pyproject.toml)
typer==0.27.3             # via hyperglass (pyproject.toml)
typing-extensions==4.16.0  # via anyio, litestar, polyfactory, pydantic, pydantic-core, pydantic-extra-types, typing-inspection
typing-inspection==0.4.4  # via pydantic, pydantic-settings
uvicorn==0.54.0           # via litestar, hyperglass (pyproject.toml)
uvloop==0.23.0            # via uvicorn, hyperglass (pyproject.toml)
watchfiles==1.3.0         # via uvicorn
websockets==17.2          # via uvicorn
xmltodict==1.0.4          # via hyperglass (pyproject.toml)
