# generated by `uv pip compile` (rye-compatible); regenerate with `rye lock` or uv

-e file:.
annotated-types==0.8.0    # via pydantic
anyio==4.15.1             # via httpx, litestar, watchfiles
async-timeout==5.0.1      # via redis
bandit==1.9.4             # via -r /tmp/claude-1000/-home-kylem-gitlab-hyperglass/6801d522-2d07-4430-a6d1-641f14cf2a2a/scratchpad/dev.in
bcrypt==5.0.0             # via paramiko
black==26.10.0            # via -r /tmp/claude-1000/-home-kylem-gitlab-hyperglass/6801d522-2d07-4430-a6d1-641f14cf2a2a/scratchpad/dev.in
brotli==1.2.0             # via litestar
certifi==2026.7.22        # via httpcore, httpx
cffi==2.1.1               # via cryptography, pynacl
cfgv==3.5.0               # via pre-commit
charset-normalizer==3.5.2  # via reportlab
click==8.1.8              # via black, litestar, rich-click, typer, uvicorn, hyperglass (pyproject.toml)
colorama==0.4.6           # via taskipy
cryptography==50.0.2      # via paramiko
cssselect2==0.10.1        # via svglib
distlib==0.4.3            # via virtualenv
editorconfig==0.17.1      # via jsbeautifier
faker==40.41.0            # via polyfactory
favicons==0.2.2           # via hyperglass (pyproject.toml)
filelock==4.0.12          # via python-discovery, virtualenv
flake8==7.4.1             # via pep8-naming
freetype-py==2.5.1        # via rlpycairo
h11==0.16.0               # via httpcore, uvicorn
httpcore==1.0.9           # via httpx
httptools==0.8.0          # via uvicorn
httpx==0.28.1             # via litestar, hyperglass (pyproject.toml)
identify==2.6.20          # via pre-commit
idna==3.20                # via anyio, httpx
iniconfig==2.3.1          # via pytest
invoke==3.0.3             # via paramiko
isort==9.0.2              # via -r /tmp/claude-1000/-home-kylem-gitlab-hyperglass/6801d522-2d07-4430-a6d1-641f14cf2a2a/scratchpad/dev.in
jinja2==3.1.6             # via litestar
jsbeautifier==2.0.3       # via litestar
litestar==2.24.0          # via hyperglass (pyproject.toml)
litestar-htmx==0.5.0      # via litestar
loguru==0.7.3             # via hyperglass (pyproject.toml)
lxml==6.1.3               # via svglib
markdown-it-py==4.2.0     # via rich
markupsafe==3.0.4         # via jinja2
mccabe==0.7.0             # via flake8
mdurl==0.1.2              # via markdown-it-py
msgspec==0.22.0           # via litestar
multidict==7.0.0          # via litestar
multipart==2.0.1          # via litestar
mypy-extensions==1.1.0    # via black, isort
netmiko==4.8.0            # via hyperglass (pyproject.toml)
nodeenv==1.11.0           # via pre-commit
ntc-templates==9.3.0      # via netmiko
packaging==26.3           # via black, pytest, virtualenv
paramiko==5.0.0           # via netmiko, scp, hyperglass (pyproject.toml)
pathspec==1.1.1           # via black
pep8-naming==0.15.1       # via -r /tmp/claude-1000/-home-kylem-gitlab-hyperglass/6801d522-2d07-4430-a6d1-641f14cf2a2a/scratchpad/dev.in
pillow==10.4.0            # via favicons, reportlab, hyperglass (pyproject.toml)
platformdirs==4.12.3      # via black, virtualenv
pluggy==1.6.0             # via pytest
polyfactory==3.3.0        # via litestar
pre-commit==4.6.2         # via -r /tmp/claude-1000/-home-kylem-gitlab-hyperglass/6801d522-2d07-4430-a6d1-641f14cf2a2a/scratchpad/dev.in
psutil==6.1.1             # via taskipy, hyperglass (pyproject.toml)
py-cpuinfo==9.0.0         # via hyperglass (pyproject.toml)
pycairo==1.29.2           # via rlpycairo
pycodestyle==2.15.0       # via flake8
pycparser==3.0            # via cffi
pydantic==2.13.5          # via pydantic-extra-types, pydantic-settings, hyperglass (pyproject.toml)
pydantic-core==2.46.5     # via pydantic
pydantic-extra-types==2.11.1  # via hyperglass (pyproject.toml)
pydantic-settings==2.15.0  # via hyperglass (pyproject.toml)
pyflakes==4.0.2           # via flake8
pygments==2.21.0          # via pytest, rich
pynacl==1.6.2             # via paramiko
pyserial==3.5             # via netmiko
pytest==9.1.1             # via pytest-asyncio, pytest-dependency, -r /tmp/claude-1000/-home-kylem-gitlab-hyperglass/6801d522-2d07-4430-a6d1-641f14cf2a2a/scratchpad/dev.in
pytest-asyncio==1.4.0     # via -r /tmp/claude-1000/-home-kylem-gitlab-hyperglass/6801d522-2d07-4430-a6d1-641f14cf2a2a/scratchpad/dev.in
pytest-dependency==0.6.1  # via -r /tmp/claude-1000/-home-kylem-gitlab-hyperglass/6801d522-2d07-4430-a6d1-641f14cf2a2a/scratchpad/dev.in
python-discovery==1.6.1   # via virtualenv
python-dotenv==1.2.4      # via pydantic-settings, uvicorn
pytokens==0.4.1           # via black
pyyaml==6.0.3             # via bandit, litestar, netmiko, pre-commit, uvicorn, hyperglass (pyproject.toml)
redis==8.1.0              # via hyperglass (pyproject.toml)
reportlab==4.5.1          # via favicons, svglib
rich==13.9.4              # via bandit, favicons, litestar, netmiko, rich-click, hyperglass (pyproject.toml)
rich-click==1.9.9         # via litestar
rlpycairo==0.3.0          # via favicons
ruff==0.16.10             # via -r /tmp/claude-1000/-home-kylem-gitlab-hyperglass/6801d522-2d07-4430-a6d1-641f14cf2a2a/scratchpad/dev.in
scp==0.16.2               # via netmiko
setuptools==84.0.0        # via pytest-dependency
sniffio==1.3.1            # via litestar
stackprinter==0.2.13      # via -r /tmp/claude-1000/-home-kylem-gitlab-hyperglass/6801d522-2d07-4430-a6d1-641f14cf2a2a/scratchpad/dev.in
stevedore==5.9.1          # via bandit
svglib==1.5.1             # via favicons
taskipy==1.14.1           # via -r /tmp/claude-1000/-home-kylem-gitlab-hyperglass/6801d522-2d07-4430-a6d1-641f14cf2a2a/scratchpad/dev.in
textfsm==2.1.0            # via netmiko, ntc-templates
tinycss2==1.5.1           # via cssselect2, svglib
toml==0.10.2              # via hyperglass (pyproject.toml)
tomli==2.4.1              # via taskipy
typer==0.9.4              # via favicons, hyperglass (pyproject.toml)
typing-extensions==4.16.0  # via anyio, litestar, polyfactory, pydantic, pydantic-core, pydantic-extra-types, pytest-asyncio, typer, typing-inspection
typing-inspection==0.4.4  # via pydantic, pydantic-settings
uvicorn==0.54.0           # via litestar, hyperglass (pyproject.toml)
uvloop==0.23.0            # via uvicorn, hyperglass (pyproject.toml)
virtualenv==21.14.5       # via pre-commit
watchfiles==1.3.0         # via uvicorn
webencodings==0.6.1       # via cssselect2, tinycss2
websockets==17.2          # via uvicorn
xmltodict==1.0.4          # via hyperglass (pyproject.toml)
